{
  "version": 4,
  "terraform_version": "1.1.9",
  "serial": 334,
  "lineage": "ec105fa6-d1e5-3efa-ecaa-25114ebfc541",
  "outputs": {
    "kubeone_api": {
      "value": {
        "apiserver_alternative_names": [],
        "endpoint": "internal-udagram-cluster-api-lb-177530138.us-east-2.elb.amazonaws.com"
      },
      "type": [
        "object",
        {
          "apiserver_alternative_names": [
            "list",
            "string"
          ],
          "endpoint": "string"
        }
      ]
    },
    "kubeone_hosts": {
      "value": {
        "control_plane": {
          "bastion": "3.128.94.56",
          "bastion_port": 22,
          "bastion_user": "ubuntu",
          "cloud_provider": "aws",
          "cluster_name": "udagram-cluster",
          "hostnames": [
            "ip-172-31-106-30.us-east-2.compute.internal"
          ],
          "operating_system": "ubuntu",
          "private_address": [
            "172.31.106.30"
          ],
          "ssh_agent_socket": "env:SSH_AUTH_SOCK",
          "ssh_port": 22,
          "ssh_private_key_file": "~/.ssh/id_rsa",
          "ssh_user": "ubuntu"
        }
      },
      "type": [
        "object",
        {
          "control_plane": [
            "object",
            {
              "bastion": "string",
              "bastion_port": "number",
              "bastion_user": "string",
              "cloud_provider": "string",
              "cluster_name": "string",
              "hostnames": [
                "tuple",
                [
                  "string"
                ]
              ],
              "operating_system": "string",
              "private_address": [
                "tuple",
                [
                  "string"
                ]
              ],
              "ssh_agent_socket": "string",
              "ssh_port": "number",
              "ssh_private_key_file": "string",
              "ssh_user": "string"
            }
          ]
        }
      ]
    },
    "kubeone_static_workers": {
      "value": {
        "workers1": {
          "bastion": "3.128.94.56",
          "bastion_port": 22,
          "bastion_user": "ubuntu",
          "hostnames": [
            "ip-172-31-108-20.us-east-2.compute.internal",
            "ip-172-31-114-137.us-east-2.compute.internal",
            "ip-172-31-143-50.us-east-2.compute.internal",
            "ip-172-31-101-3.us-east-2.compute.internal"
          ],
          "operating_system": "ubuntu",
          "private_address": [
            "172.31.108.20",
            "172.31.114.137",
            "172.31.143.50",
            "172.31.101.3"
          ],
          "ssh_agent_socket": "env:SSH_AUTH_SOCK",
          "ssh_port": 22,
          "ssh_private_key_file": "~/.ssh/id_rsa",
          "ssh_user": "ubuntu"
        }
      },
      "type": [
        "object",
        {
          "workers1": [
            "object",
            {
              "bastion": "string",
              "bastion_port": "number",
              "bastion_user": "string",
              "hostnames": [
                "tuple",
                [
                  "string",
                  "string",
                  "string",
                  "string"
                ]
              ],
              "operating_system": "string",
              "private_address": [
                "tuple",
                [
                  "string",
                  "string",
                  "string",
                  "string"
                ]
              ],
              "ssh_agent_socket": "string",
              "ssh_port": "number",
              "ssh_private_key_file": "string",
              "ssh_user": "string"
            }
          ]
        }
      ]
    },
    "kubeone_workers": {
      "value": {
        "udagram-cluster-us-east-2a": {
          "providerSpec": {
            "annotations": {
              "k8c.io/operating-system-profile": "osp-ubuntu"
            },
            "cloudProviderSpec": {
              "ami": "ami-0717cbd2f49a61ed0",
              "assignPublicIP": true,
              "availabilityZone": "us-east-2a",
              "diskIops": 500,
              "diskSize": 50,
              "diskType": "gp2",
              "ebsVolumeEncrypted": false,
              "instanceProfile": "udagram-cluster-host",
              "instanceType": "r6gd.large",
              "isSpotInstance": false,
              "region": "us-east-2",
              "securityGroupIDs": [
                "sg-014a037a7167c7cf6"
              ],
              "subnetId": "subnet-01a8e2be66f5d2845",
              "tags": {
                "udagram-cluster-workers": ""
              },
              "vpcId": "vpc-0e5b20bbc4bcbaf6e"
            },
            "labels": {
              "isSpotInstance": "false"
            },
            "operatingSystem": "ubuntu",
            "operatingSystemSpec": {
              "distUpgradeOnBoot": false,
              "provisioningUtility": "cloud-init"
            },
            "sshPublicKeys": [
              "ssh-rsa AAAAB3NzaC1yc2EAAAADAQABAAACAQDWx/a0tTL0jJBwYEKldc+s4quYoyXCyYzN7rXbQ6IgB8pTvwS5xnFiNWzLuxmKWivYC6rjaUvfODcWnLTmdiKsiexM4fym/BRJ1YTCwOHvC3AK/ZNhxTjad4VuWh1bgFEgBkliDGMJEz/TMqwKFn9dTpsbp0RvpvE21OYavfJpFc2ttomEts29GZRmYnW9T8ZJtdnS355Rr2x3rSPtjkcSwMkw6f9drLTM8bM9uv7OWG3HLAe4oi9wpcnLRQVbbHus8jhefdSKxwx1RCxYlJo8EvBBBJQRqRxBSrvFwDHsld7jmk72fQA8EXWt4pDriYCZ6+m9To6gXk/OU80G8MjsPZfLMQF4x5Oq0G/zgli7b7YqvUFhMN45gTZzEpWJJTZLwNvU4ctqqIknzNaUIcQ5JpCKtd4uzUZvjkEPP79S9AxlKDRNFuGjVOwT9FJtSUOTq8UW3SqsxdZeL11dT9AeYd4/QVDsZrYkwIZJGDgf3S3I+oady/NWkY4W4fiUvIh/yjtkUl1TCWbCEjZbcmKij1oPLaK8PY0W3oFEYoYgCwP4B+m3V8b+Q/9kH3gF5XvTKZ69keKlq4oiHSqqGfs1fVEFoPfl1Ss4xL/yzDev/o47rIdZN0ZfRKO6pX6vakLgy2e65jM0wZHirwrkq7SBuIkEkMYhcRvMDX4kGUm8RQ== programming.website@outlook.com"
            ]
          },
          "replicas": 1
        },
        "udagram-cluster-us-east-2b": {
          "providerSpec": {
            "annotations": {
              "k8c.io/operating-system-profile": "osp-ubuntu"
            },
            "cloudProviderSpec": {
              "ami": "ami-0717cbd2f49a61ed0",
              "assignPublicIP": true,
              "availabilityZone": "us-east-2b",
              "diskIops": 500,
              "diskSize": 50,
              "diskType": "gp2",
              "ebsVolumeEncrypted": false,
              "instanceProfile": "udagram-cluster-host",
              "instanceType": "r6gd.large",
              "isSpotInstance": false,
              "region": "us-east-2",
              "securityGroupIDs": [
                "sg-014a037a7167c7cf6"
              ],
              "subnetId": "subnet-0f55eb1fd244fb2a9",
              "tags": {
                "udagram-cluster-workers": ""
              },
              "vpcId": "vpc-0e5b20bbc4bcbaf6e"
            },
            "labels": {
              "isSpotInstance": "false"
            },
            "operatingSystem": "ubuntu",
            "operatingSystemSpec": {
              "distUpgradeOnBoot": false,
              "provisioningUtility": "cloud-init"
            },
            "sshPublicKeys": [
              "ssh-rsa AAAAB3NzaC1yc2EAAAADAQABAAACAQDWx/a0tTL0jJBwYEKldc+s4quYoyXCyYzN7rXbQ6IgB8pTvwS5xnFiNWzLuxmKWivYC6rjaUvfODcWnLTmdiKsiexM4fym/BRJ1YTCwOHvC3AK/ZNhxTjad4VuWh1bgFEgBkliDGMJEz/TMqwKFn9dTpsbp0RvpvE21OYavfJpFc2ttomEts29GZRmYnW9T8ZJtdnS355Rr2x3rSPtjkcSwMkw6f9drLTM8bM9uv7OWG3HLAe4oi9wpcnLRQVbbHus8jhefdSKxwx1RCxYlJo8EvBBBJQRqRxBSrvFwDHsld7jmk72fQA8EXWt4pDriYCZ6+m9To6gXk/OU80G8MjsPZfLMQF4x5Oq0G/zgli7b7YqvUFhMN45gTZzEpWJJTZLwNvU4ctqqIknzNaUIcQ5JpCKtd4uzUZvjkEPP79S9AxlKDRNFuGjVOwT9FJtSUOTq8UW3SqsxdZeL11dT9AeYd4/QVDsZrYkwIZJGDgf3S3I+oady/NWkY4W4fiUvIh/yjtkUl1TCWbCEjZbcmKij1oPLaK8PY0W3oFEYoYgCwP4B+m3V8b+Q/9kH3gF5XvTKZ69keKlq4oiHSqqGfs1fVEFoPfl1Ss4xL/yzDev/o47rIdZN0ZfRKO6pX6vakLgy2e65jM0wZHirwrkq7SBuIkEkMYhcRvMDX4kGUm8RQ== programming.website@outlook.com"
            ]
          },
          "replicas": 1
        },
        "udagram-cluster-us-east-2c": {
          "providerSpec": {
            "annotations": {
              "k8c.io/operating-system-profile": "osp-ubuntu"
            },
            "cloudProviderSpec": {
              "ami": "ami-0717cbd2f49a61ed0",
              "assignPublicIP": true,
              "availabilityZone": "us-east-2c",
              "diskIops": 500,
              "diskSize": 50,
              "diskType": "gp2",
              "ebsVolumeEncrypted": false,
              "instanceProfile": "udagram-cluster-host",
              "instanceType": "r6gd.large",
              "isSpotInstance": false,
              "region": "us-east-2",
              "securityGroupIDs": [
                "sg-014a037a7167c7cf6"
              ],
              "subnetId": "subnet-081ea58cbc1203b51",
              "tags": {
                "udagram-cluster-workers": ""
              },
              "vpcId": "vpc-0e5b20bbc4bcbaf6e"
            },
            "labels": {
              "isSpotInstance": "false"
            },
            "operatingSystem": "ubuntu",
            "operatingSystemSpec": {
              "distUpgradeOnBoot": false,
              "provisioningUtility": "cloud-init"
            },
            "sshPublicKeys": [
              "ssh-rsa AAAAB3NzaC1yc2EAAAADAQABAAACAQDWx/a0tTL0jJBwYEKldc+s4quYoyXCyYzN7rXbQ6IgB8pTvwS5xnFiNWzLuxmKWivYC6rjaUvfODcWnLTmdiKsiexM4fym/BRJ1YTCwOHvC3AK/ZNhxTjad4VuWh1bgFEgBkliDGMJEz/TMqwKFn9dTpsbp0RvpvE21OYavfJpFc2ttomEts29GZRmYnW9T8ZJtdnS355Rr2x3rSPtjkcSwMkw6f9drLTM8bM9uv7OWG3HLAe4oi9wpcnLRQVbbHus8jhefdSKxwx1RCxYlJo8EvBBBJQRqRxBSrvFwDHsld7jmk72fQA8EXWt4pDriYCZ6+m9To6gXk/OU80G8MjsPZfLMQF4x5Oq0G/zgli7b7YqvUFhMN45gTZzEpWJJTZLwNvU4ctqqIknzNaUIcQ5JpCKtd4uzUZvjkEPP79S9AxlKDRNFuGjVOwT9FJtSUOTq8UW3SqsxdZeL11dT9AeYd4/QVDsZrYkwIZJGDgf3S3I+oady/NWkY4W4fiUvIh/yjtkUl1TCWbCEjZbcmKij1oPLaK8PY0W3oFEYoYgCwP4B+m3V8b+Q/9kH3gF5XvTKZ69keKlq4oiHSqqGfs1fVEFoPfl1Ss4xL/yzDev/o47rIdZN0ZfRKO6pX6vakLgy2e65jM0wZHirwrkq7SBuIkEkMYhcRvMDX4kGUm8RQ== programming.website@outlook.com"
            ]
          },
          "replicas": 1
        }
      },
      "type": [
        "object",
        {
          "udagram-cluster-us-east-2a": [
            "object",
            {
              "providerSpec": [
                "object",
                {
                  "annotations": [
                    "object",
                    {
                      "k8c.io/operating-system-profile": "string"
                    }
                  ],
                  "cloudProviderSpec": [
                    "object",
                    {
                      "ami": "string",
                      "assignPublicIP": "bool",
                      "availabilityZone": "string",
                      "diskIops": "number",
                      "diskSize": "number",
                      "diskType": "string",
                      "ebsVolumeEncrypted": "bool",
                      "instanceProfile": "string",
                      "instanceType": "string",
                      "isSpotInstance": "bool",
                      "region": "string",
                      "securityGroupIDs": [
                        "tuple",
                        [
                          "string"
                        ]
                      ],
                      "subnetId": "string",
                      "tags": [
                        "object",
                        {
                          "udagram-cluster-workers": "string"
                        }
                      ],
                      "vpcId": "string"
                    }
                  ],
                  "labels": [
                    "object",
                    {
                      "isSpotInstance": "string"
                    }
                  ],
                  "operatingSystem": "string",
                  "operatingSystemSpec": [
                    "object",
                    {
                      "distUpgradeOnBoot": "bool",
                      "provisioningUtility": "string"
                    }
                  ],
                  "sshPublicKeys": [
                    "list",
                    "string"
                  ]
                }
              ],
              "replicas": "number"
            }
          ],
          "udagram-cluster-us-east-2b": [
            "object",
            {
              "providerSpec": [
                "object",
                {
                  "annotations": [
                    "object",
                    {
                      "k8c.io/operating-system-profile": "string"
                    }
                  ],
                  "cloudProviderSpec": [
                    "object",
                    {
                      "ami": "string",
                      "assignPublicIP": "bool",
                      "availabilityZone": "string",
                      "diskIops": "number",
                      "diskSize": "number",
                      "diskType": "string",
                      "ebsVolumeEncrypted": "bool",
                      "instanceProfile": "string",
                      "instanceType": "string",
                      "isSpotInstance": "bool",
                      "region": "string",
                      "securityGroupIDs": [
                        "tuple",
                        [
                          "string"
                        ]
                      ],
                      "subnetId": "string",
                      "tags": [
                        "object",
                        {
                          "udagram-cluster-workers": "string"
                        }
                      ],
                      "vpcId": "string"
                    }
                  ],
                  "labels": [
                    "object",
                    {
                      "isSpotInstance": "string"
                    }
                  ],
                  "operatingSystem": "string",
                  "operatingSystemSpec": [
                    "object",
                    {
                      "distUpgradeOnBoot": "bool",
                      "provisioningUtility": "string"
                    }
                  ],
                  "sshPublicKeys": [
                    "list",
                    "string"
                  ]
                }
              ],
              "replicas": "number"
            }
          ],
          "udagram-cluster-us-east-2c": [
            "object",
            {
              "providerSpec": [
                "object",
                {
                  "annotations": [
                    "object",
                    {
                      "k8c.io/operating-system-profile": "string"
                    }
                  ],
                  "cloudProviderSpec": [
                    "object",
                    {
                      "ami": "string",
                      "assignPublicIP": "bool",
                      "availabilityZone": "string",
                      "diskIops": "number",
                      "diskSize": "number",
                      "diskType": "string",
                      "ebsVolumeEncrypted": "bool",
                      "instanceProfile": "string",
                      "instanceType": "string",
                      "isSpotInstance": "bool",
                      "region": "string",
                      "securityGroupIDs": [
                        "tuple",
                        [
                          "string"
                        ]
                      ],
                      "subnetId": "string",
                      "tags": [
                        "object",
                        {
                          "udagram-cluster-workers": "string"
                        }
                      ],
                      "vpcId": "string"
                    }
                  ],
                  "labels": [
                    "object",
                    {
                      "isSpotInstance": "string"
                    }
                  ],
                  "operatingSystem": "string",
                  "operatingSystemSpec": [
                    "object",
                    {
                      "distUpgradeOnBoot": "bool",
                      "provisioningUtility": "string"
                    }
                  ],
                  "sshPublicKeys": [
                    "list",
                    "string"
                  ]
                }
              ],
              "replicas": "number"
            }
          ]
        }
      ]
    },
    "ssh_commands": {
      "value": [
        "ssh -J ubuntu@3.128.94.56 ubuntu@172.31.106.30"
      ],
      "type": [
        "list",
        "string"
      ]
    }
  },
  "resources": [
    {
      "mode": "data",
      "type": "aws_ami",
      "name": "ami",
      "provider": "provider[\"registry.terraform.io/hashicorp/aws\"]",
      "instances": [
        {
          "schema_version": 0,
          "attributes": {
            "architecture": "x86_64",
            "arn": "arn:aws:ec2:us-east-2::image/ami-0eea504f45ef7a8f7",
            "block_device_mappings": [
              {
                "device_name": "/dev/sda1",
                "ebs": {
                  "delete_on_termination": "true",
                  "encrypted": "false",
                  "iops": "0",
                  "snapshot_id": "snap-01c04f2fe600ee2b7",
                  "throughput": "0",
                  "volume_size": "8",
                  "volume_type": "gp2"
                },
                "no_device": "",
                "virtual_name": ""
              },
              {
                "device_name": "/dev/sdb",
                "ebs": {},
                "no_device": "",
                "virtual_name": "ephemeral0"
              },
              {
                "device_name": "/dev/sdc",
                "ebs": {},
                "no_device": "",
                "virtual_name": "ephemeral1"
              }
            ],
            "creation_date": "2022-04-19T21:02:51.000Z",
            "description": "Canonical, Ubuntu, 20.04 LTS, amd64 focal image build on 2022-04-19",
            "ena_support": true,
            "executable_users": null,
            "filter": [
              {
                "name": "architecture",
                "values": [
                  "x86_64"
                ]
              },
              {
                "name": "name",
                "values": [
                  "ubuntu/images/hvm-ssd/ubuntu-focal-20.04-amd64-server-*"
                ]
              },
              {
                "name": "virtualization-type",
                "values": [
                  "hvm"
                ]
              }
            ],
            "hypervisor": "xen",
            "id": "ami-0eea504f45ef7a8f7",
            "image_id": "ami-0eea504f45ef7a8f7",
            "image_location": "099720109477/ubuntu/images/hvm-ssd/ubuntu-focal-20.04-amd64-server-20220419",
            "image_owner_alias": null,
            "image_type": "machine",
            "kernel_id": null,
            "most_recent": true,
            "name": "ubuntu/images/hvm-ssd/ubuntu-focal-20.04-amd64-server-20220419",
            "name_regex": null,
            "owner_id": "099720109477",
            "owners": [
              "099720109477"
            ],
            "platform": null,
            "platform_details": "Linux/UNIX",
            "product_codes": [],
            "public": true,
            "ramdisk_id": null,
            "root_device_name": "/dev/sda1",
            "root_device_type": "ebs",
            "root_snapshot_id": "snap-01c04f2fe600ee2b7",
            "sriov_net_support": "simple",
            "state": "available",
            "state_reason": {
              "code": "UNSET",
              "message": "UNSET"
            },
            "tags": {},
            "usage_operation": "RunInstances",
            "virtualization_type": "hvm"
          },
          "sensitive_attributes": []
        }
      ]
    },
    {
      "mode": "data",
      "type": "aws_availability_zones",
      "name": "available",
      "provider": "provider[\"registry.terraform.io/hashicorp/aws\"]",
      "instances": [
        {
          "schema_version": 0,
          "attributes": {
            "all_availability_zones": null,
            "exclude_names": null,
            "exclude_zone_ids": null,
            "filter": null,
            "group_names": [
              "us-east-2"
            ],
            "id": "us-east-2",
            "names": [
              "us-east-2a",
              "us-east-2b",
              "us-east-2c"
            ],
            "state": "available",
            "zone_ids": [
              "use2-az1",
              "use2-az2",
              "use2-az3"
            ]
          },
          "sensitive_attributes": []
        }
      ]
    },
    {
      "mode": "data",
      "type": "aws_internet_gateway",
      "name": "default",
      "provider": "provider[\"registry.terraform.io/hashicorp/aws\"]",
      "instances": [
        {
          "schema_version": 0,
          "attributes": {
            "arn": "arn:aws:ec2:us-east-2:765350246637:internet-gateway/igw-0f1171498371df21a",
            "attachments": [
              {
                "state": "available",
                "vpc_id": "vpc-0e5b20bbc4bcbaf6e"
              }
            ],
            "filter": [
              {
                "name": "attachment.vpc-id",
                "values": [
                  "vpc-0e5b20bbc4bcbaf6e"
                ]
              }
            ],
            "id": "igw-0f1171498371df21a",
            "internet_gateway_id": "igw-0f1171498371df21a",
            "owner_id": "765350246637",
            "tags": {}
          },
          "sensitive_attributes": []
        }
      ]
    },
    {
      "mode": "data",
      "type": "aws_vpc",
      "name": "selected",
      "provider": "provider[\"registry.terraform.io/hashicorp/aws\"]",
      "instances": [
        {
          "schema_version": 0,
          "attributes": {
            "arn": "arn:aws:ec2:us-east-2:765350246637:vpc/vpc-0e5b20bbc4bcbaf6e",
            "cidr_block": "172.31.0.0/16",
            "cidr_block_associations": [
              {
                "association_id": "vpc-cidr-assoc-0a5f0749f0a3ba3d1",
                "cidr_block": "172.31.0.0/16",
                "state": "associated"
              }
            ],
            "default": true,
            "dhcp_options_id": "dopt-92db16f9",
            "enable_dns_hostnames": true,
            "enable_dns_support": true,
            "filter": null,
            "id": "vpc-0e5b20bbc4bcbaf6e",
            "instance_tenancy": "default",
            "ipv6_association_id": null,
            "ipv6_cidr_block": null,
            "main_route_table_id": "rtb-0202218918c21d0ab",
            "owner_id": "765350246637",
            "state": "available",
            "tags": {}
          },
          "sensitive_attributes": []
        }
      ]
    },
    {
      "mode": "managed",
      "type": "aws_default_vpc",
      "name": "default",
      "provider": "provider[\"registry.terraform.io/hashicorp/aws\"]",
      "instances": [
        {
          "schema_version": 1,
          "attributes": {
            "arn": "arn:aws:ec2:us-east-2:765350246637:vpc/vpc-0e5b20bbc4bcbaf6e",
            "assign_generated_ipv6_cidr_block": false,
            "cidr_block": "172.31.0.0/16",
            "default_network_acl_id": "acl-0e1ff77bac9a1d795",
            "default_route_table_id": "rtb-0202218918c21d0ab",
            "default_security_group_id": "sg-0cd6e05ab02a9905f",
            "dhcp_options_id": "dopt-92db16f9",
            "enable_classiclink": null,
            "enable_classiclink_dns_support": null,
            "enable_dns_hostnames": true,
            "enable_dns_support": true,
            "id": "vpc-0e5b20bbc4bcbaf6e",
            "instance_tenancy": "default",
            "ipv6_association_id": "",
            "ipv6_cidr_block": "",
            "main_route_table_id": "rtb-0202218918c21d0ab",
            "owner_id": "765350246637",
            "tags": null,
            "tags_all": {}
          },
          "sensitive_attributes": [],
          "private": "eyJzY2hlbWFfdmVyc2lvbiI6IjEifQ=="
        }
      ]
    },
    {
      "mode": "managed",
      "type": "aws_elb",
      "name": "control_plane",
      "provider": "provider[\"registry.terraform.io/hashicorp/aws\"]",
      "instances": [
        {
          "schema_version": 0,
          "attributes": {
            "access_logs": [],
            "arn": "arn:aws:elasticloadbalancing:us-east-2:765350246637:loadbalancer/udagram-cluster-api-lb",
            "availability_zones": [
              "us-east-2a",
              "us-east-2b",
              "us-east-2c"
            ],
            "connection_draining": false,
            "connection_draining_timeout": 300,
            "cross_zone_load_balancing": true,
            "dns_name": "internal-udagram-cluster-api-lb-177530138.us-east-2.elb.amazonaws.com",
            "health_check": [
              {
                "healthy_threshold": 2,
                "interval": 30,
                "target": "HTTPS:6443/healthz",
                "timeout": 3,
                "unhealthy_threshold": 2
              }
            ],
            "id": "udagram-cluster-api-lb",
            "idle_timeout": 600,
            "instances": [
              "i-0bb86b485cdec5bdb"
            ],
            "internal": true,
            "listener": [
              {
                "instance_port": 6443,
                "instance_protocol": "tcp",
                "lb_port": 6443,
                "lb_protocol": "tcp",
                "ssl_certificate_id": ""
              }
            ],
            "name": "udagram-cluster-api-lb",
            "name_prefix": null,
            "security_groups": [
              "sg-014a037a7167c7cf6",
              "sg-0ab90c271e3de0def"
            ],
            "source_security_group": "765350246637/udagram-cluster-common",
            "source_security_group_id": "sg-014a037a7167c7cf6",
            "subnets": [
              "subnet-01a8e2be66f5d2845",
              "subnet-081ea58cbc1203b51",
              "subnet-0f55eb1fd244fb2a9"
            ],
            "tags": {
              "Cluster": "udagram-cluster",
              "kubernetes.io/cluster/udagram-cluster": "shared"
            },
            "tags_all": {
              "Cluster": "udagram-cluster",
              "kubernetes.io/cluster/udagram-cluster": "shared"
            },
            "zone_id": "Z3AADJGX6KTTL2"
          },
          "sensitive_attributes": [],
          "private": "bnVsbA==",
          "dependencies": [
            "aws_default_vpc.default",
            "aws_iam_instance_profile.profile",
            "aws_iam_role.role",
            "aws_instance.control_plane",
            "aws_key_pair.deployer",
            "aws_security_group.common",
            "aws_security_group.elb",
            "aws_subnet.public",
            "data.aws_ami.ami",
            "data.aws_availability_zones.available",
            "data.aws_vpc.selected",
            "random_integer.cidr_block"
          ]
        }
      ]
    },
    {
      "mode": "managed",
      "type": "aws_iam_instance_profile",
      "name": "profile",
      "provider": "provider[\"registry.terraform.io/hashicorp/aws\"]",
      "instances": [
        {
          "schema_version": 0,
          "attributes": {
            "arn": "arn:aws:iam::765350246637:instance-profile/udagram-cluster-host",
            "create_date": "2022-05-05T03:43:27Z",
            "id": "udagram-cluster-host",
            "name": "udagram-cluster-host",
            "name_prefix": null,
            "path": "/",
            "role": "udagram-cluster-host",
            "tags": null,
            "tags_all": {},
            "unique_id": "AIPA3EMTN7DWQVVNANRG7"
          },
          "sensitive_attributes": [],
          "private": "bnVsbA==",
          "dependencies": [
            "aws_iam_role.role"
          ]
        }
      ]
    },
    {
      "mode": "managed",
      "type": "aws_iam_role",
      "name": "role",
      "provider": "provider[\"registry.terraform.io/hashicorp/aws\"]",
      "instances": [
        {
          "schema_version": 0,
          "attributes": {
            "arn": "arn:aws:iam::765350246637:role/udagram-cluster-host",
            "assume_role_policy": "{\"Version\":\"2012-10-17\",\"Statement\":[{\"Effect\":\"Allow\",\"Principal\":{\"Service\":\"ec2.amazonaws.com\"},\"Action\":\"sts:AssumeRole\"}]}",
            "create_date": "2022-05-05T03:43:19Z",
            "description": "",
            "force_detach_policies": false,
            "id": "udagram-cluster-host",
            "inline_policy": [
              {
                "name": "",
                "policy": ""
              }
            ],
            "managed_policy_arns": [],
            "max_session_duration": 3600,
            "name": "udagram-cluster-host",
            "name_prefix": null,
            "path": "/",
            "permissions_boundary": null,
            "tags": null,
            "tags_all": {},
            "unique_id": "AROA3EMTN7DWXQ67MDKQF"
          },
          "sensitive_attributes": [],
          "private": "bnVsbA=="
        }
      ]
    },
    {
      "mode": "managed",
      "type": "aws_iam_role_policy",
      "name": "policy",
      "provider": "provider[\"registry.terraform.io/hashicorp/aws\"]",
      "instances": [
        {
          "schema_version": 0,
          "attributes": {
            "id": "udagram-cluster-host:udagram-cluster-host",
            "name": "udagram-cluster-host",
            "name_prefix": null,
            "policy": "{\"Statement\":[{\"Action\":[\"ec2:*\"],\"Effect\":\"Allow\",\"Resource\":[\"*\"]},{\"Action\":[\"elasticloadbalancing:*\"],\"Effect\":\"Allow\",\"Resource\":[\"*\"]}],\"Version\":\"2012-10-17\"}",
            "role": "udagram-cluster-host"
          },
          "sensitive_attributes": [],
          "private": "bnVsbA==",
          "dependencies": [
            "aws_iam_role.role"
          ]
        }
      ]
    },
    {
      "mode": "managed",
      "type": "aws_instance",
      "name": "bastion",
      "provider": "provider[\"registry.terraform.io/hashicorp/aws\"]",
      "instances": [
        {
          "schema_version": 1,
          "attributes": {
            "ami": "ami-0717cbd2f49a61ed0",
            "arn": "arn:aws:ec2:us-east-2:765350246637:instance/i-0773e4f627069e6ee",
            "associate_public_ip_address": true,
            "availability_zone": "us-east-2a",
            "capacity_reservation_specification": [
              {
                "capacity_reservation_preference": "open",
                "capacity_reservation_target": []
              }
            ],
            "cpu_core_count": 2,
            "cpu_threads_per_core": 1,
            "credit_specification": [],
            "disable_api_termination": false,
            "ebs_block_device": [],
            "ebs_optimized": false,
            "enclave_options": [
              {
                "enabled": false
              }
            ],
            "ephemeral_block_device": [],
            "get_password_data": false,
            "hibernation": false,
            "host_id": null,
            "iam_instance_profile": "",
            "id": "i-0773e4f627069e6ee",
            "instance_initiated_shutdown_behavior": "stop",
            "instance_state": "running",
            "instance_type": "r6gd.large",
            "ipv6_address_count": 0,
            "ipv6_addresses": [],
            "key_name": "udagram-cluster-deployer-key",
            "metadata_options": [
              {
                "http_endpoint": "enabled",
                "http_put_response_hop_limit": 1,
                "http_tokens": "optional"
              }
            ],
            "monitoring": false,
            "network_interface": [],
            "outpost_arn": "",
            "password_data": "",
            "placement_group": "",
            "primary_network_interface_id": "eni-0ec30aa227248ef8e",
            "private_dns": "ip-172-31-106-234.us-east-2.compute.internal",
            "private_ip": "172.31.106.234",
            "public_dns": "ec2-3-128-94-56.us-east-2.compute.amazonaws.com",
            "public_ip": "3.128.94.56",
            "root_block_device": [
              {
                "delete_on_termination": true,
                "device_name": "/dev/sda1",
                "encrypted": false,
                "iops": 300,
                "kms_key_id": "",
                "tags": null,
                "throughput": 0,
                "volume_id": "vol-0043ede8294af7d14",
                "volume_size": 100,
                "volume_type": "gp2"
              }
            ],
            "secondary_private_ips": [],
            "security_groups": [
              "udagram-cluster-common",
              "udagram-cluster-ssh"
            ],
            "source_dest_check": true,
            "subnet_id": "subnet-01a8e2be66f5d2845",
            "tags": {
              "Cluster": "udagram-cluster",
              "Name": "udagram-cluster-bastion",
              "kubernetes.io/cluster/udagram-cluster": "shared"
            },
            "tags_all": {
              "Cluster": "udagram-cluster",
              "Name": "udagram-cluster-bastion",
              "kubernetes.io/cluster/udagram-cluster": "shared"
            },
            "tenancy": "default",
            "timeouts": null,
            "user_data": null,
            "user_data_base64": null,
            "volume_tags": null,
            "vpc_security_group_ids": [
              "sg-014a037a7167c7cf6",
              "sg-098658fb3077aa78f"
            ]
          },
          "sensitive_attributes": [],
          "private": "eyJlMmJmYjczMC1lY2FhLTExZTYtOGY4OC0zNDM2M2JjN2M0YzAiOnsiY3JlYXRlIjo2MDAwMDAwMDAwMDAsImRlbGV0ZSI6MTIwMDAwMDAwMDAwMCwidXBkYXRlIjo2MDAwMDAwMDAwMDB9LCJzY2hlbWFfdmVyc2lvbiI6IjEifQ==",
          "dependencies": [
            "aws_default_vpc.default",
            "aws_key_pair.deployer",
            "aws_security_group.common",
            "aws_security_group.ssh",
            "aws_subnet.public",
            "data.aws_ami.ami",
            "data.aws_availability_zones.available",
            "data.aws_vpc.selected",
            "random_integer.cidr_block"
          ]
        }
      ]
    },
    {
      "mode": "managed",
      "type": "aws_instance",
      "name": "control_plane",
      "provider": "provider[\"registry.terraform.io/hashicorp/aws\"]",
      "instances": [
        {
          "index_key": 0,
          "schema_version": 1,
          "attributes": {
            "ami": "ami-0717cbd2f49a61ed0",
            "arn": "arn:aws:ec2:us-east-2:765350246637:instance/i-0bb86b485cdec5bdb",
            "associate_public_ip_address": true,
            "availability_zone": "us-east-2a",
            "capacity_reservation_specification": [
              {
                "capacity_reservation_preference": "open",
                "capacity_reservation_target": []
              }
            ],
            "cpu_core_count": 2,
            "cpu_threads_per_core": 1,
            "credit_specification": [],
            "disable_api_termination": false,
            "ebs_block_device": [],
            "ebs_optimized": true,
            "enclave_options": [
              {
                "enabled": false
              }
            ],
            "ephemeral_block_device": [],
            "get_password_data": false,
            "hibernation": false,
            "host_id": null,
            "iam_instance_profile": "udagram-cluster-host",
            "id": "i-0bb86b485cdec5bdb",
            "instance_initiated_shutdown_behavior": "stop",
            "instance_state": "running",
            "instance_type": "r6gd.large",
            "ipv6_address_count": 0,
            "ipv6_addresses": [],
            "key_name": "udagram-cluster-deployer-key",
            "metadata_options": [
              {
                "http_endpoint": "enabled",
                "http_put_response_hop_limit": 1,
                "http_tokens": "optional"
              }
            ],
            "monitoring": false,
            "network_interface": [],
            "outpost_arn": "",
            "password_data": "",
            "placement_group": "",
            "primary_network_interface_id": "eni-03c47e4b31564e7ec",
            "private_dns": "ip-172-31-106-30.us-east-2.compute.internal",
            "private_ip": "172.31.106.30",
            "public_dns": "ec2-3-139-105-248.us-east-2.compute.amazonaws.com",
            "public_ip": "3.139.105.248",
            "root_block_device": [
              {
                "delete_on_termination": true,
                "device_name": "/dev/sda1",
                "encrypted": false,
                "iops": 300,
                "kms_key_id": "",
                "tags": null,
                "throughput": 0,
                "volume_id": "vol-006c6dd238bb447c4",
                "volume_size": 100,
                "volume_type": "gp2"
              }
            ],
            "secondary_private_ips": [],
            "security_groups": [
              "udagram-cluster-common"
            ],
            "source_dest_check": true,
            "subnet_id": "subnet-01a8e2be66f5d2845",
            "tags": {
              "Name": "udagram-cluster-cp-1",
              "kubernetes.io/cluster/udagram-cluster": "shared"
            },
            "tags_all": {
              "Name": "udagram-cluster-cp-1",
              "kubernetes.io/cluster/udagram-cluster": "shared"
            },
            "tenancy": "default",
            "timeouts": null,
            "user_data": null,
            "user_data_base64": null,
            "volume_tags": null,
            "vpc_security_group_ids": [
              "sg-014a037a7167c7cf6"
            ]
          },
          "sensitive_attributes": [],
          "private": "eyJlMmJmYjczMC1lY2FhLTExZTYtOGY4OC0zNDM2M2JjN2M0YzAiOnsiY3JlYXRlIjo2MDAwMDAwMDAwMDAsImRlbGV0ZSI6MTIwMDAwMDAwMDAwMCwidXBkYXRlIjo2MDAwMDAwMDAwMDB9LCJzY2hlbWFfdmVyc2lvbiI6IjEifQ==",
          "dependencies": [
            "aws_default_vpc.default",
            "aws_iam_instance_profile.profile",
            "aws_iam_role.role",
            "aws_key_pair.deployer",
            "aws_security_group.common",
            "aws_subnet.public",
            "data.aws_ami.ami",
            "data.aws_availability_zones.available",
            "data.aws_vpc.selected",
            "random_integer.cidr_block"
          ]
        }
      ]
    },
    {
      "mode": "managed",
      "type": "aws_instance",
      "name": "static_workers1",
      "provider": "provider[\"registry.terraform.io/hashicorp/aws\"]",
      "instances": [
        {
          "index_key": 0,
          "schema_version": 1,
          "attributes": {
            "ami": "ami-0717cbd2f49a61ed0",
            "arn": "arn:aws:ec2:us-east-2:765350246637:instance/i-09c3ae399645cb1bb",
            "associate_public_ip_address": true,
            "availability_zone": "us-east-2a",
            "capacity_reservation_specification": [
              {
                "capacity_reservation_preference": "open",
                "capacity_reservation_target": []
              }
            ],
            "cpu_core_count": 2,
            "cpu_threads_per_core": 1,
            "credit_specification": [],
            "disable_api_termination": false,
            "ebs_block_device": [],
            "ebs_optimized": true,
            "enclave_options": [
              {
                "enabled": false
              }
            ],
            "ephemeral_block_device": [],
            "get_password_data": false,
            "hibernation": false,
            "host_id": null,
            "iam_instance_profile": "udagram-cluster-host",
            "id": "i-09c3ae399645cb1bb",
            "instance_initiated_shutdown_behavior": "stop",
            "instance_state": "running",
            "instance_type": "r6gd.large",
            "ipv6_address_count": 0,
            "ipv6_addresses": [],
            "key_name": "udagram-cluster-deployer-key",
            "metadata_options": [
              {
                "http_endpoint": "enabled",
                "http_put_response_hop_limit": 1,
                "http_tokens": "optional"
              }
            ],
            "monitoring": false,
            "network_interface": [],
            "outpost_arn": "",
            "password_data": "",
            "placement_group": "",
            "primary_network_interface_id": "eni-0a7ab51bb98b929f0",
            "private_dns": "ip-172-31-108-20.us-east-2.compute.internal",
            "private_ip": "172.31.108.20",
            "public_dns": "ec2-18-119-164-247.us-east-2.compute.amazonaws.com",
            "public_ip": "18.119.164.247",
            "root_block_device": [
              {
                "delete_on_termination": true,
                "device_name": "/dev/sda1",
                "encrypted": false,
                "iops": 150,
                "kms_key_id": "",
                "tags": null,
                "throughput": 0,
                "volume_id": "vol-005f034aad7ad2cf6",
                "volume_size": 50,
                "volume_type": "gp2"
              }
            ],
            "secondary_private_ips": [],
            "security_groups": [
              "udagram-cluster-common"
            ],
            "source_dest_check": true,
            "subnet_id": "subnet-01a8e2be66f5d2845",
            "tags": {
              "Name": "udagram-cluster-workers1-1",
              "kubernetes.io/cluster/udagram-cluster": "shared"
            },
            "tags_all": {
              "Name": "udagram-cluster-workers1-1",
              "kubernetes.io/cluster/udagram-cluster": "shared"
            },
            "tenancy": "default",
            "timeouts": null,
            "user_data": null,
            "user_data_base64": null,
            "volume_tags": null,
            "vpc_security_group_ids": [
              "sg-014a037a7167c7cf6"
            ]
          },
          "sensitive_attributes": [],
          "private": "eyJlMmJmYjczMC1lY2FhLTExZTYtOGY4OC0zNDM2M2JjN2M0YzAiOnsiY3JlYXRlIjo2MDAwMDAwMDAwMDAsImRlbGV0ZSI6MTIwMDAwMDAwMDAwMCwidXBkYXRlIjo2MDAwMDAwMDAwMDB9LCJzY2hlbWFfdmVyc2lvbiI6IjEifQ==",
          "dependencies": [
            "aws_default_vpc.default",
            "aws_iam_instance_profile.profile",
            "aws_iam_role.role",
            "aws_key_pair.deployer",
            "aws_security_group.common",
            "aws_subnet.public",
            "data.aws_ami.ami",
            "data.aws_availability_zones.available",
            "data.aws_vpc.selected",
            "random_integer.cidr_block"
          ]
        },
        {
          "index_key": 1,
          "schema_version": 1,
          "attributes": {
            "ami": "ami-0717cbd2f49a61ed0",
            "arn": "arn:aws:ec2:us-east-2:765350246637:instance/i-0ece9831c095e98b0",
            "associate_public_ip_address": true,
            "availability_zone": "us-east-2b",
            "capacity_reservation_specification": [
              {
                "capacity_reservation_preference": "open",
                "capacity_reservation_target": []
              }
            ],
            "cpu_core_count": 2,
            "cpu_threads_per_core": 1,
            "credit_specification": [],
            "disable_api_termination": false,
            "ebs_block_device": [],
            "ebs_optimized": true,
            "enclave_options": [
              {
                "enabled": false
              }
            ],
            "ephemeral_block_device": [],
            "get_password_data": false,
            "hibernation": false,
            "host_id": null,
            "iam_instance_profile": "udagram-cluster-host",
            "id": "i-0ece9831c095e98b0",
            "instance_initiated_shutdown_behavior": "stop",
            "instance_state": "running",
            "instance_type": "r6gd.large",
            "ipv6_address_count": 0,
            "ipv6_addresses": [],
            "key_name": "udagram-cluster-deployer-key",
            "metadata_options": [
              {
                "http_endpoint": "enabled",
                "http_put_response_hop_limit": 1,
                "http_tokens": "optional"
              }
            ],
            "monitoring": false,
            "network_interface": [],
            "outpost_arn": "",
            "password_data": "",
            "placement_group": "",
            "primary_network_interface_id": "eni-0939f2c2705e7839b",
            "private_dns": "ip-172-31-114-137.us-east-2.compute.internal",
            "private_ip": "172.31.114.137",
            "public_dns": "ec2-18-222-126-150.us-east-2.compute.amazonaws.com",
            "public_ip": "18.222.126.150",
            "root_block_device": [
              {
                "delete_on_termination": true,
                "device_name": "/dev/sda1",
                "encrypted": false,
                "iops": 150,
                "kms_key_id": "",
                "tags": null,
                "throughput": 0,
                "volume_id": "vol-0e01ecb237a7e8e05",
                "volume_size": 50,
                "volume_type": "gp2"
              }
            ],
            "secondary_private_ips": [],
            "security_groups": [
              "udagram-cluster-common"
            ],
            "source_dest_check": true,
            "subnet_id": "subnet-0f55eb1fd244fb2a9",
            "tags": {
              "Name": "udagram-cluster-workers1-2",
              "kubernetes.io/cluster/udagram-cluster": "shared"
            },
            "tags_all": {
              "Name": "udagram-cluster-workers1-2",
              "kubernetes.io/cluster/udagram-cluster": "shared"
            },
            "tenancy": "default",
            "timeouts": null,
            "user_data": null,
            "user_data_base64": null,
            "volume_tags": null,
            "vpc_security_group_ids": [
              "sg-014a037a7167c7cf6"
            ]
          },
          "sensitive_attributes": [],
          "private": "eyJlMmJmYjczMC1lY2FhLTExZTYtOGY4OC0zNDM2M2JjN2M0YzAiOnsiY3JlYXRlIjo2MDAwMDAwMDAwMDAsImRlbGV0ZSI6MTIwMDAwMDAwMDAwMCwidXBkYXRlIjo2MDAwMDAwMDAwMDB9LCJzY2hlbWFfdmVyc2lvbiI6IjEifQ==",
          "dependencies": [
            "aws_default_vpc.default",
            "aws_iam_instance_profile.profile",
            "aws_iam_role.role",
            "aws_key_pair.deployer",
            "aws_security_group.common",
            "aws_subnet.public",
            "data.aws_ami.ami",
            "data.aws_availability_zones.available",
            "data.aws_vpc.selected",
            "random_integer.cidr_block"
          ]
        },
        {
          "index_key": 2,
          "schema_version": 1,
          "attributes": {
            "ami": "ami-0717cbd2f49a61ed0",
            "arn": "arn:aws:ec2:us-east-2:765350246637:instance/i-01ede46f28401c4f2",
            "associate_public_ip_address": true,
            "availability_zone": "us-east-2c",
            "capacity_reservation_specification": [
              {
                "capacity_reservation_preference": "open",
                "capacity_reservation_target": []
              }
            ],
            "cpu_core_count": 2,
            "cpu_threads_per_core": 1,
            "credit_specification": [],
            "disable_api_termination": false,
            "ebs_block_device": [],
            "ebs_optimized": true,
            "enclave_options": [
              {
                "enabled": false
              }
            ],
            "ephemeral_block_device": [],
            "get_password_data": false,
            "hibernation": false,
            "host_id": null,
            "iam_instance_profile": "udagram-cluster-host",
            "id": "i-01ede46f28401c4f2",
            "instance_initiated_shutdown_behavior": "stop",
            "instance_state": "running",
            "instance_type": "r6gd.large",
            "ipv6_address_count": 0,
            "ipv6_addresses": [],
            "key_name": "udagram-cluster-deployer-key",
            "metadata_options": [
              {
                "http_endpoint": "enabled",
                "http_put_response_hop_limit": 1,
                "http_tokens": "optional"
              }
            ],
            "monitoring": false,
            "network_interface": [],
            "outpost_arn": "",
            "password_data": "",
            "placement_group": "",
            "primary_network_interface_id": "eni-084307ead002cfd64",
            "private_dns": "ip-172-31-143-50.us-east-2.compute.internal",
            "private_ip": "172.31.143.50",
            "public_dns": "ec2-18-224-180-111.us-east-2.compute.amazonaws.com",
            "public_ip": "18.224.180.111",
            "root_block_device": [
              {
                "delete_on_termination": true,
                "device_name": "/dev/sda1",
                "encrypted": false,
                "iops": 150,
                "kms_key_id": "",
                "tags": null,
                "throughput": 0,
                "volume_id": "vol-03c6fd5b4d6bc85d6",
                "volume_size": 50,
                "volume_type": "gp2"
              }
            ],
            "secondary_private_ips": [],
            "security_groups": [
              "udagram-cluster-common"
            ],
            "source_dest_check": true,
            "subnet_id": "subnet-081ea58cbc1203b51",
            "tags": {
              "Name": "udagram-cluster-workers1-3",
              "kubernetes.io/cluster/udagram-cluster": "shared"
            },
            "tags_all": {
              "Name": "udagram-cluster-workers1-3",
              "kubernetes.io/cluster/udagram-cluster": "shared"
            },
            "tenancy": "default",
            "timeouts": null,
            "user_data": null,
            "user_data_base64": null,
            "volume_tags": null,
            "vpc_security_group_ids": [
              "sg-014a037a7167c7cf6"
            ]
          },
          "sensitive_attributes": [],
          "private": "eyJlMmJmYjczMC1lY2FhLTExZTYtOGY4OC0zNDM2M2JjN2M0YzAiOnsiY3JlYXRlIjo2MDAwMDAwMDAwMDAsImRlbGV0ZSI6MTIwMDAwMDAwMDAwMCwidXBkYXRlIjo2MDAwMDAwMDAwMDB9LCJzY2hlbWFfdmVyc2lvbiI6IjEifQ==",
          "dependencies": [
            "aws_default_vpc.default",
            "aws_iam_instance_profile.profile",
            "aws_iam_role.role",
            "aws_key_pair.deployer",
            "aws_security_group.common",
            "aws_subnet.public",
            "data.aws_ami.ami",
            "data.aws_availability_zones.available",
            "data.aws_vpc.selected",
            "random_integer.cidr_block"
          ]
        },
        {
          "index_key": 3,
          "schema_version": 1,
          "attributes": {
            "ami": "ami-0717cbd2f49a61ed0",
            "arn": "arn:aws:ec2:us-east-2:765350246637:instance/i-08376cdf1c16d557d",
            "associate_public_ip_address": true,
            "availability_zone": "us-east-2a",
            "capacity_reservation_specification": [
              {
                "capacity_reservation_preference": "open",
                "capacity_reservation_target": []
              }
            ],
            "cpu_core_count": 2,
            "cpu_threads_per_core": 1,
            "credit_specification": [],
            "disable_api_termination": false,
            "ebs_block_device": [],
            "ebs_optimized": true,
            "enclave_options": [
              {
                "enabled": false
              }
            ],
            "ephemeral_block_device": [],
            "get_password_data": false,
            "hibernation": false,
            "host_id": null,
            "iam_instance_profile": "udagram-cluster-host",
            "id": "i-08376cdf1c16d557d",
            "instance_initiated_shutdown_behavior": "stop",
            "instance_state": "running",
            "instance_type": "r6gd.large",
            "ipv6_address_count": 0,
            "ipv6_addresses": [],
            "key_name": "udagram-cluster-deployer-key",
            "metadata_options": [
              {
                "http_endpoint": "enabled",
                "http_put_response_hop_limit": 1,
                "http_tokens": "optional"
              }
            ],
            "monitoring": false,
            "network_interface": [],
            "outpost_arn": "",
            "password_data": "",
            "placement_group": "",
            "primary_network_interface_id": "eni-04af6a7361bb441ff",
            "private_dns": "ip-172-31-101-3.us-east-2.compute.internal",
            "private_ip": "172.31.101.3",
            "public_dns": "ec2-18-222-168-36.us-east-2.compute.amazonaws.com",
            "public_ip": "18.222.168.36",
            "root_block_device": [
              {
                "delete_on_termination": true,
                "device_name": "/dev/sda1",
                "encrypted": false,
                "iops": 150,
                "kms_key_id": "",
                "tags": null,
                "throughput": 0,
                "volume_id": "vol-0a7177ee128cf909e",
                "volume_size": 50,
                "volume_type": "gp2"
              }
            ],
            "secondary_private_ips": [],
            "security_groups": [
              "udagram-cluster-common"
            ],
            "source_dest_check": true,
            "subnet_id": "subnet-01a8e2be66f5d2845",
            "tags": {
              "Name": "udagram-cluster-workers1-4",
              "kubernetes.io/cluster/udagram-cluster": "shared"
            },
            "tags_all": {
              "Name": "udagram-cluster-workers1-4",
              "kubernetes.io/cluster/udagram-cluster": "shared"
            },
            "tenancy": "default",
            "timeouts": null,
            "user_data": null,
            "user_data_base64": null,
            "volume_tags": null,
            "vpc_security_group_ids": [
              "sg-014a037a7167c7cf6"
            ]
          },
          "sensitive_attributes": [],
          "private": "eyJlMmJmYjczMC1lY2FhLTExZTYtOGY4OC0zNDM2M2JjN2M0YzAiOnsiY3JlYXRlIjo2MDAwMDAwMDAwMDAsImRlbGV0ZSI6MTIwMDAwMDAwMDAwMCwidXBkYXRlIjo2MDAwMDAwMDAwMDB9LCJzY2hlbWFfdmVyc2lvbiI6IjEifQ==",
          "dependencies": [
            "aws_default_vpc.default",
            "aws_iam_instance_profile.profile",
            "aws_iam_role.role",
            "aws_key_pair.deployer",
            "aws_security_group.common",
            "aws_subnet.public",
            "data.aws_ami.ami",
            "data.aws_availability_zones.available",
            "data.aws_vpc.selected",
            "random_integer.cidr_block"
          ]
        }
      ]
    },
    {
      "mode": "managed",
      "type": "aws_key_pair",
      "name": "deployer",
      "provider": "provider[\"registry.terraform.io/hashicorp/aws\"]",
      "instances": [
        {
          "schema_version": 1,
          "attributes": {
            "arn": "arn:aws:ec2:us-east-2:765350246637:key-pair/udagram-cluster-deployer-key",
            "fingerprint": "94:a6:ec:69:ff:06:b6:a5:9d:6c:fa:79:fe:5d:dd:c8",
            "id": "udagram-cluster-deployer-key",
            "key_name": "udagram-cluster-deployer-key",
            "key_name_prefix": null,
            "key_pair_id": "key-023ed76ba31921539",
            "public_key": "ssh-rsa AAAAB3NzaC1yc2EAAAADAQABAAACAQDWx/a0tTL0jJBwYEKldc+s4quYoyXCyYzN7rXbQ6IgB8pTvwS5xnFiNWzLuxmKWivYC6rjaUvfODcWnLTmdiKsiexM4fym/BRJ1YTCwOHvC3AK/ZNhxTjad4VuWh1bgFEgBkliDGMJEz/TMqwKFn9dTpsbp0RvpvE21OYavfJpFc2ttomEts29GZRmYnW9T8ZJtdnS355Rr2x3rSPtjkcSwMkw6f9drLTM8bM9uv7OWG3HLAe4oi9wpcnLRQVbbHus8jhefdSKxwx1RCxYlJo8EvBBBJQRqRxBSrvFwDHsld7jmk72fQA8EXWt4pDriYCZ6+m9To6gXk/OU80G8MjsPZfLMQF4x5Oq0G/zgli7b7YqvUFhMN45gTZzEpWJJTZLwNvU4ctqqIknzNaUIcQ5JpCKtd4uzUZvjkEPP79S9AxlKDRNFuGjVOwT9FJtSUOTq8UW3SqsxdZeL11dT9AeYd4/QVDsZrYkwIZJGDgf3S3I+oady/NWkY4W4fiUvIh/yjtkUl1TCWbCEjZbcmKij1oPLaK8PY0W3oFEYoYgCwP4B+m3V8b+Q/9kH3gF5XvTKZ69keKlq4oiHSqqGfs1fVEFoPfl1Ss4xL/yzDev/o47rIdZN0ZfRKO6pX6vakLgy2e65jM0wZHirwrkq7SBuIkEkMYhcRvMDX4kGUm8RQ== programming.website@outlook.com",
            "tags": null,
            "tags_all": {}
          },
          "sensitive_attributes": [],
          "private": "eyJzY2hlbWFfdmVyc2lvbiI6IjEifQ=="
        }
      ]
    },
    {
      "mode": "managed",
      "type": "aws_security_group",
      "name": "common",
      "provider": "provider[\"registry.terraform.io/hashicorp/aws\"]",
      "instances": [
        {
          "schema_version": 1,
          "attributes": {
            "arn": "arn:aws:ec2:us-east-2:765350246637:security-group/sg-014a037a7167c7cf6",
            "description": "cluster common rules",
            "egress": [],
            "id": "sg-014a037a7167c7cf6",
            "ingress": [],
            "name": "udagram-cluster-common",
            "name_prefix": "",
            "owner_id": "765350246637",
            "revoke_rules_on_delete": false,
            "tags": {
              "Cluster": "udagram-cluster",
              "kubernetes.io/cluster/udagram-cluster": "shared"
            },
            "tags_all": {
              "Cluster": "udagram-cluster",
              "kubernetes.io/cluster/udagram-cluster": "shared"
            },
            "timeouts": null,
            "vpc_id": "vpc-0e5b20bbc4bcbaf6e"
          },
          "sensitive_attributes": [],
          "private": "eyJlMmJmYjczMC1lY2FhLTExZTYtOGY4OC0zNDM2M2JjN2M0YzAiOnsiY3JlYXRlIjo2MDAwMDAwMDAwMDAsImRlbGV0ZSI6OTAwMDAwMDAwMDAwfSwic2NoZW1hX3ZlcnNpb24iOiIxIn0=",
          "dependencies": [
            "aws_default_vpc.default",
            "data.aws_vpc.selected"
          ]
        }
      ]
    },
    {
      "mode": "managed",
      "type": "aws_security_group",
      "name": "elb",
      "provider": "provider[\"registry.terraform.io/hashicorp/aws\"]",
      "instances": [
        {
          "schema_version": 1,
          "attributes": {
            "arn": "arn:aws:ec2:us-east-2:765350246637:security-group/sg-0ab90c271e3de0def",
            "description": "kube-api firewall",
            "egress": [
              {
                "cidr_blocks": [
                  "0.0.0.0/0"
                ],
                "description": "allow all outgoing traffic",
                "from_port": 0,
                "ipv6_cidr_blocks": [],
                "prefix_list_ids": [],
                "protocol": "-1",
                "security_groups": [],
                "self": false,
                "to_port": 0
              }
            ],
            "id": "sg-0ab90c271e3de0def",
            "ingress": [
              {
                "cidr_blocks": [
                  "0.0.0.0/0"
                ],
                "description": "allow anyone to connect to tcp/6443",
                "from_port": 6443,
                "ipv6_cidr_blocks": [],
                "prefix_list_ids": [],
                "protocol": "tcp",
                "security_groups": [],
                "self": false,
                "to_port": 6443
              }
            ],
            "name": "udagram-cluster-api-lb",
            "name_prefix": "",
            "owner_id": "765350246637",
            "revoke_rules_on_delete": false,
            "tags": {
              "Cluster": "udagram-cluster"
            },
            "tags_all": {
              "Cluster": "udagram-cluster"
            },
            "timeouts": null,
            "vpc_id": "vpc-0e5b20bbc4bcbaf6e"
          },
          "sensitive_attributes": [],
          "private": "eyJlMmJmYjczMC1lY2FhLTExZTYtOGY4OC0zNDM2M2JjN2M0YzAiOnsiY3JlYXRlIjo2MDAwMDAwMDAwMDAsImRlbGV0ZSI6OTAwMDAwMDAwMDAwfSwic2NoZW1hX3ZlcnNpb24iOiIxIn0=",
          "dependencies": [
            "aws_default_vpc.default",
            "data.aws_vpc.selected"
          ]
        }
      ]
    },
    {
      "mode": "managed",
      "type": "aws_security_group",
      "name": "ssh",
      "provider": "provider[\"registry.terraform.io/hashicorp/aws\"]",
      "instances": [
        {
          "schema_version": 1,
          "attributes": {
            "arn": "arn:aws:ec2:us-east-2:765350246637:security-group/sg-098658fb3077aa78f",
            "description": "ssh access",
            "egress": [],
            "id": "sg-098658fb3077aa78f",
            "ingress": [
              {
                "cidr_blocks": [
                  "0.0.0.0/0"
                ],
                "description": "allow incomming SSH",
                "from_port": 22,
                "ipv6_cidr_blocks": [],
                "prefix_list_ids": [],
                "protocol": "tcp",
                "security_groups": [],
                "self": false,
                "to_port": 22
              }
            ],
            "name": "udagram-cluster-ssh",
            "name_prefix": "",
            "owner_id": "765350246637",
            "revoke_rules_on_delete": false,
            "tags": {
              "Cluster": "udagram-cluster"
            },
            "tags_all": {
              "Cluster": "udagram-cluster"
            },
            "timeouts": null,
            "vpc_id": "vpc-0e5b20bbc4bcbaf6e"
          },
          "sensitive_attributes": [],
          "private": "eyJlMmJmYjczMC1lY2FhLTExZTYtOGY4OC0zNDM2M2JjN2M0YzAiOnsiY3JlYXRlIjo2MDAwMDAwMDAwMDAsImRlbGV0ZSI6OTAwMDAwMDAwMDAwfSwic2NoZW1hX3ZlcnNpb24iOiIxIn0=",
          "dependencies": [
            "aws_default_vpc.default",
            "data.aws_vpc.selected"
          ]
        }
      ]
    },
    {
      "mode": "managed",
      "type": "aws_security_group_rule",
      "name": "egress_allow_all",
      "provider": "provider[\"registry.terraform.io/hashicorp/aws\"]",
      "instances": [
        {
          "schema_version": 2,
          "attributes": {
            "cidr_blocks": [
              "0.0.0.0/0"
            ],
            "description": "allow all outgoing traffic",
            "from_port": 0,
            "id": "sgrule-1963061018",
            "ipv6_cidr_blocks": null,
            "prefix_list_ids": null,
            "protocol": "-1",
            "security_group_id": "sg-014a037a7167c7cf6",
            "self": false,
            "source_security_group_id": null,
            "to_port": 0,
            "type": "egress"
          },
          "sensitive_attributes": [],
          "private": "eyJzY2hlbWFfdmVyc2lvbiI6IjIifQ==",
          "dependencies": [
            "aws_default_vpc.default",
            "aws_security_group.common",
            "data.aws_vpc.selected"
          ]
        }
      ]
    },
    {
      "mode": "managed",
      "type": "aws_security_group_rule",
      "name": "ingress_self_allow_all",
      "provider": "provider[\"registry.terraform.io/hashicorp/aws\"]",
      "instances": [
        {
          "schema_version": 2,
          "attributes": {
            "cidr_blocks": null,
            "description": "allow all incomming traffic from members of this group",
            "from_port": 0,
            "id": "sgrule-2448723293",
            "ipv6_cidr_blocks": null,
            "prefix_list_ids": null,
            "protocol": "-1",
            "security_group_id": "sg-014a037a7167c7cf6",
            "self": true,
            "source_security_group_id": null,
            "to_port": 0,
            "type": "ingress"
          },
          "sensitive_attributes": [],
          "private": "eyJzY2hlbWFfdmVyc2lvbiI6IjIifQ==",
          "dependencies": [
            "aws_default_vpc.default",
            "aws_security_group.common",
            "data.aws_vpc.selected"
          ]
        }
      ]
    },
    {
      "mode": "managed",
      "type": "aws_security_group_rule",
      "name": "nodeports",
      "provider": "provider[\"registry.terraform.io/hashicorp/aws\"]",
      "instances": [
        {
          "schema_version": 2,
          "attributes": {
            "cidr_blocks": [
              "0.0.0.0/0"
            ],
            "description": "open nodeports",
            "from_port": 30000,
            "id": "sgrule-1277551343",
            "ipv6_cidr_blocks": null,
            "prefix_list_ids": null,
            "protocol": "tcp",
            "security_group_id": "sg-014a037a7167c7cf6",
            "self": false,
            "source_security_group_id": null,
            "to_port": 32767,
            "type": "ingress"
          },
          "sensitive_attributes": [],
          "private": "eyJzY2hlbWFfdmVyc2lvbiI6IjIifQ==",
          "dependencies": [
            "aws_default_vpc.default",
            "aws_security_group.common",
            "data.aws_vpc.selected"
          ]
        }
      ]
    },
    {
      "mode": "managed",
      "type": "aws_subnet",
      "name": "public",
      "provider": "provider[\"registry.terraform.io/hashicorp/aws\"]",
      "instances": [
        {
          "index_key": 0,
          "schema_version": 1,
          "attributes": {
            "arn": "arn:aws:ec2:us-east-2:765350246637:subnet/subnet-01a8e2be66f5d2845",
            "assign_ipv6_address_on_creation": false,
            "availability_zone": "us-east-2a",
            "availability_zone_id": "use2-az1",
            "cidr_block": "172.31.96.0/20",
            "customer_owned_ipv4_pool": "",
            "id": "subnet-01a8e2be66f5d2845",
            "ipv6_cidr_block": "",
            "ipv6_cidr_block_association_id": "",
            "map_customer_owned_ip_on_launch": false,
            "map_public_ip_on_launch": true,
            "outpost_arn": "",
            "owner_id": "765350246637",
            "tags": {
              "Cluster": "udagram-cluster",
              "Name": "udagram-cluster-us-east-2a",
              "kubernetes.io/cluster/udagram-cluster": "shared"
            },
            "tags_all": {
              "Cluster": "udagram-cluster",
              "Name": "udagram-cluster-us-east-2a",
              "kubernetes.io/cluster/udagram-cluster": "shared"
            },
            "timeouts": null,
            "vpc_id": "vpc-0e5b20bbc4bcbaf6e"
          },
          "sensitive_attributes": [],
          "private": "eyJlMmJmYjczMC1lY2FhLTExZTYtOGY4OC0zNDM2M2JjN2M0YzAiOnsiY3JlYXRlIjo2MDAwMDAwMDAwMDAsImRlbGV0ZSI6MTIwMDAwMDAwMDAwMH0sInNjaGVtYV92ZXJzaW9uIjoiMSJ9",
          "dependencies": [
            "aws_default_vpc.default",
            "data.aws_availability_zones.available",
            "data.aws_vpc.selected",
            "random_integer.cidr_block"
          ]
        },
        {
          "index_key": 1,
          "schema_version": 1,
          "attributes": {
            "arn": "arn:aws:ec2:us-east-2:765350246637:subnet/subnet-0f55eb1fd244fb2a9",
            "assign_ipv6_address_on_creation": false,
            "availability_zone": "us-east-2b",
            "availability_zone_id": "use2-az2",
            "cidr_block": "172.31.112.0/20",
            "customer_owned_ipv4_pool": "",
            "id": "subnet-0f55eb1fd244fb2a9",
            "ipv6_cidr_block": "",
            "ipv6_cidr_block_association_id": "",
            "map_customer_owned_ip_on_launch": false,
            "map_public_ip_on_launch": true,
            "outpost_arn": "",
            "owner_id": "765350246637",
            "tags": {
              "Cluster": "udagram-cluster",
              "Name": "udagram-cluster-us-east-2b",
              "kubernetes.io/cluster/udagram-cluster": "shared"
            },
            "tags_all": {
              "Cluster": "udagram-cluster",
              "Name": "udagram-cluster-us-east-2b",
              "kubernetes.io/cluster/udagram-cluster": "shared"
            },
            "timeouts": null,
            "vpc_id": "vpc-0e5b20bbc4bcbaf6e"
          },
          "sensitive_attributes": [],
          "private": "eyJlMmJmYjczMC1lY2FhLTExZTYtOGY4OC0zNDM2M2JjN2M0YzAiOnsiY3JlYXRlIjo2MDAwMDAwMDAwMDAsImRlbGV0ZSI6MTIwMDAwMDAwMDAwMH0sInNjaGVtYV92ZXJzaW9uIjoiMSJ9",
          "dependencies": [
            "aws_default_vpc.default",
            "data.aws_availability_zones.available",
            "data.aws_vpc.selected",
            "random_integer.cidr_block"
          ]
        },
        {
          "index_key": 2,
          "schema_version": 1,
          "attributes": {
            "arn": "arn:aws:ec2:us-east-2:765350246637:subnet/subnet-081ea58cbc1203b51",
            "assign_ipv6_address_on_creation": false,
            "availability_zone": "us-east-2c",
            "availability_zone_id": "use2-az3",
            "cidr_block": "172.31.128.0/20",
            "customer_owned_ipv4_pool": "",
            "id": "subnet-081ea58cbc1203b51",
            "ipv6_cidr_block": "",
            "ipv6_cidr_block_association_id": "",
            "map_customer_owned_ip_on_launch": false,
            "map_public_ip_on_launch": true,
            "outpost_arn": "",
            "owner_id": "765350246637",
            "tags": {
              "Cluster": "udagram-cluster",
              "Name": "udagram-cluster-us-east-2c",
              "kubernetes.io/cluster/udagram-cluster": "shared"
            },
            "tags_all": {
              "Cluster": "udagram-cluster",
              "Name": "udagram-cluster-us-east-2c",
              "kubernetes.io/cluster/udagram-cluster": "shared"
            },
            "timeouts": null,
            "vpc_id": "vpc-0e5b20bbc4bcbaf6e"
          },
          "sensitive_attributes": [],
          "private": "eyJlMmJmYjczMC1lY2FhLTExZTYtOGY4OC0zNDM2M2JjN2M0YzAiOnsiY3JlYXRlIjo2MDAwMDAwMDAwMDAsImRlbGV0ZSI6MTIwMDAwMDAwMDAwMH0sInNjaGVtYV92ZXJzaW9uIjoiMSJ9",
          "dependencies": [
            "aws_default_vpc.default",
            "data.aws_availability_zones.available",
            "data.aws_vpc.selected",
            "random_integer.cidr_block"
          ]
        }
      ]
    },
    {
      "mode": "managed",
      "type": "random_integer",
      "name": "cidr_block",
      "provider": "provider[\"registry.terraform.io/hashicorp/random\"]",
      "instances": [
        {
          "schema_version": 0,
          "attributes": {
            "id": "6",
            "keepers": null,
            "max": 15,
            "min": 0,
            "result": 6,
            "seed": null
          },
          "sensitive_attributes": [],
          "private": "bnVsbA==",
          "dependencies": [
            "aws_default_vpc.default",
            "data.aws_vpc.selected"
          ]
        }
      ]
    }
  ]
}
